
Microsoft Visual Studio Solution File, Format Version 12.00
# Visual Studio 2012
Project("{FAE04EC0-301F-11D3-BF4B-00C04F79EFBC}") = "WebApplication", "WebApplication\WebApplication.csproj", "{079BA976-27F7-4934-87CE-E582DC2FBDD1}"
EndProject
Project("{FAE04EC0-301F-11D3-BF4B-00C04F79EFBC}") = "SelfHost", "SelfHost\SelfHost.csproj", "{0D3770C8-DEE2-4F93-8CD8-EEE05136CE96}"
EndProject
Project("{FAE04EC0-301F-11D3-BF4B-00C04F79EFBC}") = "UnitTestProject", "UnitTestProject\UnitTestProject.csproj", "{8ABB5248-15E5-4E5D-B670-FB7D9444367A}"
EndProject
Global
	GlobalSection(SolutionConfigurationPlatforms) = preSolution
		Debug|Any CPU = Debug|Any CPU
		Release|Any CPU = Release|Any CPU
	EndGlobalSection
	GlobalSection(ProjectConfigurationPlatforms) = postSolution
		{079BA976-27F7-4934-87CE-E582DC2FBDD1}.Debug|Any CPU.ActiveCfg = Debug|Any CPU
		{079BA976-27F7-4934-87CE-E582DC2FBDD1}.Debug|Any CPU.Build.0 = Debug|Any CPU
		{079BA976-27F7-4934-87CE-E582DC2FBDD1}.Release|Any CPU.ActiveCfg = Release|Any CPU
		{079BA976-27F7-4934-87CE-E582DC2FBDD1}.Release|Any CPU.Build.0 = Release|Any CPU
		{0D3770C8-DEE2-4F93-8CD8-EEE05136CE96}.Debug|Any CPU.ActiveCfg = Debug|Any CPU
		{0D3770C8-DEE2-4F93-8CD8-EEE05136CE96}.Debug|Any CPU.Build.0 = Debug|Any CPU
		{0D3770C8-DEE2-4F93-8CD8-EEE05136CE96}.Release|Any CPU.ActiveCfg = Release|Any CPU
		{0D3770C8-DEE2-4F93-8CD8-EEE05136CE96}.Release|Any CPU.Build.0 = Release|Any CPU
		{8ABB5248-15E5-4E5D-B670-FB7D9444367A}.Debug|Any CPU.ActiveCfg = Debug|Any CPU
		{8ABB5248-15E5-4E5D-B670-FB7D9444367A}.Debug|Any CPU.Build.0 = Debug|Any CPU
		{8ABB5248-15E5-4E5D-B670-FB7D9444367A}.Release|Any CPU.ActiveCfg = Release|Any CPU
		{8ABB5248-15E5-4E5D-B670-FB7D9444367A}.Release|Any CPU.Build.0 = Release|Any CPU
	EndGlobalSection
	GlobalSection(SolutionProperties) = preSolution
		HideSolutionNode = FALSE
	EndGlobalSection
EndGlobal
